{
  "name": "full-stack",
  "version": "0.1.0",
  "lockfileVersion": 1,
  "requires": true,
  "dependencies": {
    "bisect_ppx": {
      "version": "2.3.1",
      "resolved": "https://registry.npmjs.org/bisect_ppx/-/bisect_ppx-2.3.1.tgz",
      "integrity": "sha512-zx+C8gR2XzsRZxmIwpvr+IwWWw44IKOrGV+6mFxZw903MPmgDsxm88a7I4jWGjA106wyypxYm6bLfKJsj0JGxQ=="
    },
    "bs-bastet": {
      "version": "1.2.5",
      "resolved": "https://registry.npmjs.org/bs-bastet/-/bs-bastet-1.2.5.tgz",
      "integrity": "sha512-XIMv0CpovzTXmrEnzwnY2M3MuuesbGSzs+yaFvb3NAVyIP/aLlXCRv/roH6qybDBIGwW9JjbB7lxo73yqMi1qg==",
      "requires": {
        "bisect_ppx": "^2.1.0",
        "bs-stdlib-shims": "^0.1.0"
      }
    },
    "bs-platform": {
      "version": "7.2.2",
      "resolved": "https://registry.npmjs.org/bs-platform/-/bs-platform-7.2.2.tgz",
      "integrity": "sha512-PWcFfN+jCTtT/rMaHDhKh+W9RUTpaRunmSF9vbLYcrJbpgCNW6aFKAY33u0P3mLxwuhshN3b4FxqGUBPj6exZQ==",
      "dev": true
    },
    "bs-stdlib-shims": {
      "version": "0.1.0",
      "resolved": "https://registry.npmjs.org/bs-stdlib-shims/-/bs-stdlib-shims-0.1.0.tgz",
      "integrity": "sha512-CszWow8iXOKgmzNCc5dR3kERaqzIp3f4nbV7lJF5vS9BHm70GqLlu7OBE/VCPKZ5noG1VtJAIVqIdLFqUdIRUQ=="
    },
    "relude": {
      "version": "0.60.0",
      "resolved": "https://registry.npmjs.org/relude/-/relude-0.60.0.tgz",
      "integrity": "sha512-roXwoDJ6mah7aSArekfAMvkvZDUQYB12GExhTpuWWQO9EDbzzRRAKaDLGb/uQh7UTGKJiDlDiINlMyY7/HI4dw==",
      "dev": true
    }
  }
}
